
Microsoft Visual Studio Solution File, Format Version 12.00
# Visual Studio 2013
VisualStudioVersion = 12.0.21005.1
MinimumVisualStudioVersion = 10.0.40219.1
Project("{FAE04EC0-301F-11D3-BF4B-00C04F79EFBC}") = "SharpLEX", "SharpLEX\SharpLEX.csproj", "{7E9771FD-FB63-4B0F-A75B-AEE7757822E4}"
EndProject
Project("{FAE04EC0-301F-11D3-BF4B-00C04F79EFBC}") = "SharpLEXTests", "SharpLEXTests\SharpLEXTests.csproj", "{DF37321C-4484-45DD-97F0-14251BC37503}"
EndProject
Global
	GlobalSection(SolutionConfigurationPlatforms) = preSolution
		Debug|Any CPU = Debug|Any CPU
		Release|Any CPU = Release|Any CPU
	EndGlobalSection
	GlobalSection(ProjectConfigurationPlatforms) = postSolution
		{7E9771FD-FB63-4B0F-A75B-AEE7757822E4}.Debug|Any CPU.ActiveCfg = Debug|Any CPU
		{7E9771FD-FB63-4B0F-A75B-AEE7757822E4}.Debug|Any CPU.Build.0 = Debug|Any CPU
		{7E9771FD-FB63-4B0F-A75B-AEE7757822E4}.Release|Any CPU.ActiveCfg = Release|Any CPU
		{7E9771FD-FB63-4B0F-A75B-AEE7757822E4}.Release|Any CPU.Build.0 = Release|Any CPU
		{DF37321C-4484-45DD-97F0-14251BC37503}.Debug|Any CPU.ActiveCfg = Debug|Any CPU
		{DF37321C-4484-45DD-97F0-14251BC37503}.Debug|Any CPU.Build.0 = Debug|Any CPU
		{DF37321C-4484-45DD-97F0-14251BC37503}.Release|Any CPU.ActiveCfg = Release|Any CPU
		{DF37321C-4484-45DD-97F0-14251BC37503}.Release|Any CPU.Build.0 = Release|Any CPU
	EndGlobalSection
	GlobalSection(SolutionProperties) = preSolution
		HideSolutionNode = FALSE
	EndGlobalSection
EndGlobal
